
Microsoft Visual Studio Solution File, Format Version 12.00
# Visual Studio Version 17
VisualStudioVersion = 17.7.34202.233
MinimumVisualStudioVersion = 10.0.40219.1
Project("{54A90642-561A-4BB1-A94E-469ADEE60C69}") = "angularapp", "angularapp\angularapp.esproj", "{4464CBCC-C0D8-41BB-8982-3EC311CA8449}"
EndProject
Project("{9A19103F-16F7-4668-BE54-9A1E7A4F7556}") = "webapi", "webapi\webapi.csproj", "{9787814B-3079-48E5-883B-8CE19B22E591}"
EndProject
Global
	GlobalSection(SolutionConfigurationPlatforms) = preSolution
		Debug|Any CPU = Debug|Any CPU
		Release|Any CPU = Release|Any CPU
	EndGlobalSection
	GlobalSection(ProjectConfigurationPlatforms) = postSolution
		{4464CBCC-C0D8-41BB-8982-3EC311CA8449}.Debug|Any CPU.ActiveCfg = Debug|Any CPU
		{4464CBCC-C0D8-41BB-8982-3EC311CA8449}.Debug|Any CPU.Build.0 = Debug|Any CPU
		{4464CBCC-C0D8-41BB-8982-3EC311CA8449}.Debug|Any CPU.Deploy.0 = Debug|Any CPU
		{4464CBCC-C0D8-41BB-8982-3EC311CA8449}.Release|Any CPU.ActiveCfg = Release|Any CPU
		{4464CBCC-C0D8-41BB-8982-3EC311CA8449}.Release|Any CPU.Build.0 = Release|Any CPU
		{4464CBCC-C0D8-41BB-8982-3EC311CA8449}.Release|Any CPU.Deploy.0 = Release|Any CPU
		{9787814B-3079-48E5-883B-8CE19B22E591}.Debug|Any CPU.ActiveCfg = Debug|Any CPU
		{9787814B-3079-48E5-883B-8CE19B22E591}.Debug|Any CPU.Build.0 = Debug|Any CPU
		{9787814B-3079-48E5-883B-8CE19B22E591}.Release|Any CPU.ActiveCfg = Release|Any CPU
		{9787814B-3079-48E5-883B-8CE19B22E591}.Release|Any CPU.Build.0 = Release|Any CPU
	EndGlobalSection
	GlobalSection(SolutionProperties) = preSolution
		HideSolutionNode = FALSE
	EndGlobalSection
	GlobalSection(ExtensibilityGlobals) = postSolution
		SolutionGuid = {19DCCBBF-FD91-404B-B668-C1059F59A1B5}
	EndGlobalSection
EndGlobal
